<?xml version="1.0" encoding="utf-8"?>
<Project ToolsVersion="4.0" xmlns="http://schemas.microsoft.com/developer/msbuild/2003">
  <ItemGroup>
    <Filter Include="Source Files">
      <UniqueIdentifier>{4FC737F1-C7A5-4376-A066-2A32D752A2FF}</UniqueIdentifier>
      <Extensions>cpp;cxx;c;def</Extensions>
    </Filter>
    <Filter Include="Header Files">
      <UniqueIdentifier>{93995380-89BD-4b04-88EB-625FBE52EBFB}</UniqueIdentifier>
      <Extensions>h</Extensions>
    </Filter>
    <Filter Include="Form Files">
      <UniqueIdentifier>{99349809-55BA-4b9d-BF79-8FDBB0286EB3}</UniqueIdentifier>
      <Extensions>ui</Extensions>
    </Filter>
    <Filter Include="Resource Files">
      <UniqueIdentifier>{D9D6E242-F8AF-46E4-B9FD-80ECBC20BA3E}</UniqueIdentifier>
      <Extensions>qrc;*</Extensions>
      <ParseFiles>false</ParseFiles>
    </Filter>
    <Filter Include="Generated Files">
      <UniqueIdentifier>{71ED8ED8-ACB9-4CE9-BBE1-E00B30144E11}</UniqueIdentifier>
      <Extensions>moc;h;cpp</Extensions>
      <SourceControlFiles>False</SourceControlFiles>
    </Filter>
    <Filter Include="Generated Files\Debug">
      <UniqueIdentifier>{957b7a4c-8258-4189-a0cc-0a15bb8b7a81}</UniqueIdentifier>
      <Extensions>cpp;moc</Extensions>
      <SourceControlFiles>False</SourceControlFiles>
    </Filter>
    <Filter Include="Generated Files\Release">
      <UniqueIdentifier>{544ebdca-8e64-48e5-bf09-bc9bb19de151}</UniqueIdentifier>
      <Extensions>cpp;moc</Extensions>
      <SourceControlFiles>False</SourceControlFiles>
    </Filter>
    <Filter Include="Volume">
      <UniqueIdentifier>{abe9c426-8775-4dc2-b3a7-5a8440adfa23}</UniqueIdentifier>
    </Filter>
    <Filter Include="Graph">
      <UniqueIdentifier>{29061ec2-3a59-49b5-b507-2065653830b3}</UniqueIdentifier>
    </Filter>
    <Filter Include="Shaders">
      <UniqueIdentifier>{b146dd06-60d4-401b-912e-fdd7a839c89e}</UniqueIdentifier>
    </Filter>
  </ItemGroup>
  <ItemGroup>
    <ClCompile Include="main.cpp">
      <Filter>Source Files</Filter>
    </ClCompile>
    <ClCompile Include="GeneratedFiles\qrc_simview.cpp">
      <Filter>Generated Files</Filter>
    </ClCompile>
    <ClCompile Include="GeneratedFiles\Debug\moc_profiler.cpp">
      <Filter>Generated Files\Debug</Filter>
    </ClCompile>
    <ClCompile Include="GeneratedFiles\Release\moc_profiler.cpp">
      <Filter>Generated Files\Release</Filter>
    </ClCompile>
    <ClCompile Include="GeneratedFiles\Debug\moc_QGLAdjMatrixView.cpp">
      <Filter>Generated Files\Debug</Filter>
    </ClCompile>
    <ClCompile Include="GeneratedFiles\Release\moc_QGLAdjMatrixView.cpp">
      <Filter>Generated Files\Release</Filter>
    </ClCompile>
    <ClCompile Include="GeneratedFiles\Debug\moc_QObj3DView.cpp">
      <Filter>Generated Files\Debug</Filter>
    </ClCompile>
    <ClCompile Include="GeneratedFiles\Release\moc_QObj3DView.cpp">
      <Filter>Generated Files\Release</Filter>
    </ClCompile>
    <ClCompile Include="GeneratedFiles\Debug\moc_QSimView.cpp">
      <Filter>Generated Files\Debug</Filter>
    </ClCompile>
    <ClCompile Include="GeneratedFiles\Release\moc_QSimView.cpp">
      <Filter>Generated Files\Release</Filter>
    </ClCompile>
    <ClCompile Include="Boxplot.cpp">
      <Filter>Source Files</Filter>
    </ClCompile>
    <ClCompile Include="camera3d.cpp">
      <Filter>Source Files</Filter>
    </ClCompile>
    <ClCompile Include="dataAnalyzer.cpp">
      <Filter>Source Files</Filter>
    </ClCompile>
    <ClCompile Include="dataloader.cpp">
      <Filter>Source Files</Filter>
    </ClCompile>
    <ClCompile Include="debugdraw.cpp">
      <Filter>Source Files</Filter>
    </ClCompile>
    <ClCompile Include="frameresult.cpp">
      <Filter>Source Files</Filter>
    </ClCompile>
    <ClCompile Include="geometry.cpp">
      <Filter>Source Files</Filter>
    </ClCompile>
    <ClCompile Include="global.cpp">
      <Filter>Source Files</Filter>
    </ClCompile>
    <ClCompile Include="input.cpp">
      <Filter>Source Files</Filter>
    </ClCompile>
    <ClCompile Include="params.cpp">
      <Filter>Source Files</Filter>
    </ClCompile>
    <ClCompile Include="profiler.cpp">
      <Filter>Source Files</Filter>
    </ClCompile>
    <ClCompile Include="QGLAdjMatrixView.cpp">
      <Filter>Source Files</Filter>
    </ClCompile>
    <ClCompile Include="QObj3DView.cpp">
      <Filter>Source Files</Filter>
    </ClCompile>
    <ClCompile Include="QSimView.cpp">
      <Filter>Source Files</Filter>
    </ClCompile>
    <ClCompile Include="SysTools.cpp">
      <Filter>Source Files</Filter>
    </ClCompile>
    <ClCompile Include="transform3d.cpp">
      <Filter>Source Files</Filter>
    </ClCompile>
    <ClCompile Include="volume\octree.cpp">
      <Filter>Volume</Filter>
    </ClCompile>
    <ClCompile Include="volume\volblockanalyzer.cpp">
      <Filter>Volume</Filter>
    </ClCompile>
    <ClCompile Include="volume\volumeblock.cpp">
      <Filter>Volume</Filter>
    </ClCompile>
    <ClCompile Include="volume\VolumeData.cpp">
      <Filter>Volume</Filter>
    </ClCompile>
    <ClCompile Include="graph\massspringsystem.cpp">
      <Filter>Graph</Filter>
    </ClCompile>
    <ClCompile Include="graph\pointmass.cpp">
      <Filter>Graph</Filter>
    </ClCompile>
    <ClCompile Include="graph\spring.cpp">
      <Filter>Graph</Filter>
    </ClCompile>
    <ClCompile Include="OpenGL\openglerror.cpp">
      <Filter>Source Files</Filter>
    </ClCompile>
  </ItemGroup>
  <ItemGroup>
    <CustomBuild Include="simview.qrc">
      <Filter>Resource Files</Filter>
    </CustomBuild>
    <CustomBuild Include="profiler.h">
      <Filter>Header Files</Filter>
    </CustomBuild>
    <CustomBuild Include="QGLAdjMatrixView.h">
      <Filter>Header Files</Filter>
    </CustomBuild>
    <CustomBuild Include="QObj3DView.h">
      <Filter>Header Files</Filter>
    </CustomBuild>
    <CustomBuild Include="QSimView.h">
      <Filter>Header Files</Filter>
    </CustomBuild>
    <CustomBuild Include="UI\simview.ui">
      <Filter>Form Files</Filter>
    </CustomBuild>
  </ItemGroup>
  <ItemGroup>
    <ClInclude Include="BinNode.h">
      <Filter>Header Files</Filter>
    </ClInclude>
    <ClInclude Include="book.h">
      <Filter>Header Files</Filter>
    </ClInclude>
    <ClInclude Include="Boxplot.h">
      <Filter>Header Files</Filter>
    </ClInclude>
    <ClInclude Include="BSTNode.h">
      <Filter>Header Files</Filter>
    </ClInclude>
    <ClInclude Include="camera3d.h">
      <Filter>Header Files</Filter>
    </ClInclude>
    <ClInclude Include="dataAnalyzer.h">
      <Filter>Header Files</Filter>
    </ClInclude>
    <ClInclude Include="dataloader.h">
      <Filter>Header Files</Filter>
    </ClInclude>
    <ClInclude Include="debugdraw.h">
      <Filter>Header Files</Filter>
    </ClInclude>
    <ClInclude Include="debugvertex.h">
      <Filter>Header Files</Filter>
    </ClInclude>
    <ClInclude Include="frameresult.h">
      <Filter>Header Files</Filter>
    </ClInclude>
    <ClInclude Include="geometry.h">
      <Filter>Header Files</Filter>
    </ClInclude>
    <ClInclude Include="global.h">
      <Filter>Header Files</Filter>
    </ClInclude>
    <ClInclude Include="input.h">
      <Filter>Header Files</Filter>
    </ClInclude>
    <ClInclude Include="KDtree.h">
      <Filter>Header Files</Filter>
    </ClInclude>
    <ClInclude Include="macros.h">
      <Filter>Header Files</Filter>
    </ClInclude>
    <ClInclude Include="MersenneTwister.h">
      <Filter>Header Files</Filter>
    </ClInclude>
    <ClInclude Include="MyVectors.h">
      <Filter>Header Files</Filter>
    </ClInclude>
    <ClInclude Include="octreenode.h">
      <Filter>Header Files</Filter>
    </ClInclude>
    <ClInclude Include="params.h">
      <Filter>Header Files</Filter>
    </ClInclude>
    <ClInclude Include="spatialDataPt.h">
      <Filter>Header Files</Filter>
    </ClInclude>
    <ClInclude Include="stat_info.h">
      <Filter>Header Files</Filter>
    </ClInclude>
    <ClInclude Include="StdDefines.h">
      <Filter>Header Files</Filter>
    </ClInclude>
    <ClInclude Include="SysTools.h">
      <Filter>Header Files</Filter>
    </ClInclude>
    <ClInclude Include="transform3d.h">
      <Filter>Header Files</Filter>
    </ClInclude>
    <ClInclude Include="vertex.h">
      <Filter>Header Files</Filter>
    </ClInclude>
    <ClInclude Include="voxelizer.h">
      <Filter>Header Files</Filter>
    </ClInclude>
    <ClInclude Include="volume\octree.h">
      <Filter>Volume</Filter>
    </ClInclude>
    <ClInclude Include="volume\volblockanalyzer.h">
      <Filter>Volume</Filter>
    </ClInclude>
    <ClInclude Include="volume\volumeblock.h">
      <Filter>Volume</Filter>
    </ClInclude>
    <ClInclude Include="volume\VolumeData.h">
      <Filter>Volume</Filter>
    </ClInclude>
    <ClInclude Include="GeneratedFiles\ui_simview.h">
      <Filter>Generated Files</Filter>
    </ClInclude>
    <ClInclude Include="graph\massspringsystem.h">
      <Filter>Graph</Filter>
    </ClInclude>
    <ClInclude Include="graph\pointmass.h">
      <Filter>Graph</Filter>
    </ClInclude>
    <ClInclude Include="graph\spring.h">
      <Filter>Graph</Filter>
    </ClInclude>
  </ItemGroup>
  <ItemGroup>
    <None Include="shaders\debug.frag">
      <Filter>Shaders</Filter>
    </None>
    <None Include="shaders\debug.vert">
      <Filter>Shaders</Filter>
    </None>
    <None Include="shaders\simple.frag">
      <Filter>Shaders</Filter>
    </None>
    <None Include="shaders\simple.vert">
      <Filter>Shaders</Filter>
    </None>
    <None Include="shaders\simple2Dview.vert">
      <Filter>Shaders</Filter>
    </None>
    <None Include="shaders\simpleTex2D.frag">
      <Filter>Shaders</Filter>
    </None>
  </ItemGroup>
</Project>